
Microsoft Visual Studio Solution File, Format Version 12.00
# Visual Studio Version 17
VisualStudioVersion = 17.9.34728.123
MinimumVisualStudioVersion = 10.0.40219.1
Project("{FAE04EC0-301F-11D3-BF4B-00C04F79EFBC}") = "TestFoodShare", "TestFoodShare\TestFoodShare.csproj", "{DBA7874B-E151-4401-9856-FDFB2057AA01}"
EndProject
Global
	GlobalSection(SolutionConfigurationPlatforms) = preSolution
		Debug|Any CPU = Debug|Any CPU
		Release|Any CPU = Release|Any CPU
	EndGlobalSection
	GlobalSection(ProjectConfigurationPlatforms) = postSolution
		{DBA7874B-E151-4401-9856-FDFB2057AA01}.Debug|Any CPU.ActiveCfg = Debug|Any CPU
		{DBA7874B-E151-4401-9856-FDFB2057AA01}.Debug|Any CPU.Build.0 = Debug|Any CPU
		{DBA7874B-E151-4401-9856-FDFB2057AA01}.Release|Any CPU.ActiveCfg = Release|Any CPU
		{DBA7874B-E151-4401-9856-FDFB2057AA01}.Release|Any CPU.Build.0 = Release|Any CPU
	EndGlobalSection
	GlobalSection(SolutionProperties) = preSolution
		HideSolutionNode = FALSE
	EndGlobalSection
	GlobalSection(ExtensibilityGlobals) = postSolution
		SolutionGuid = {214E733E-B8AE-4FC2-9F3F-D3DBF57F2989}
	EndGlobalSection
EndGlobal
